{
  "version": 4,
  "terraform_version": "1.13.4",
  "serial": 7,
  "lineage": "86fa6280-d306-5bf4-d4bd-40cca2d758c2",
  "outputs": {},
  "resources": [
    {
      "mode": "managed",
      "type": "docker_image",
      "name": "app_image",
      "provider": "provider[\"registry.terraform.io/kreuzwerker/docker\"]",
      "instances": [
        {
          "schema_version": 0,
          "attributes": {
            "build": [],
            "force_remove": null,
            "id": "fea69de94c93f86b6160d43b5d7c72b806e1fe410e9d921681eab8b55e3c9244ghcr.io/userliv/devopspro:latest",
            "image_id": "fea69de94c93f86b6160d43b5d7c72b806e1fe410e9d921681eab8b55e3c9244",
            "keep_locally": true,
            "name": "ghcr.io/userliv/devopspro:latest",
            "platform": null,
            "pull_triggers": null,
            "repo_digest": "ghcr.io/userliv/devopsprofea69de94c93f86b6160d43b5d7c72b806e1fe410e9d921681eab8b55e3c9244",
            "triggers": null
          },
          "sensitive_attributes": [],
          "identity_schema_version": 0,
          "private": "bnVsbA=="
        }
      ]
    }
  ],
  "check_results": null
}
