{
  "version": 4,
  "terraform_version": "1.13.4",
  "serial": 9,
  "lineage": "86fa6280-d306-5bf4-d4bd-40cca2d758c2",
  "outputs": {},
  "resources": [
    {
      "mode": "managed",
      "type": "docker_image",
      "name": "app_image",
      "provider": "provider[\"registry.terraform.io/kreuzwerker/docker\"]",
      "instances": [
        {
          "schema_version": 0,
          "attributes": {
            "build": [],
            "force_remove": null,
            "id": "d4db0008c179770e55b9e6c014469d512dc45ed0b62da0748aec41c8de82344eghcr.io/userliv/devopspro:latest",
            "image_id": "d4db0008c179770e55b9e6c014469d512dc45ed0b62da0748aec41c8de82344e",
            "keep_locally": true,
            "name": "ghcr.io/userliv/devopspro:latest",
            "platform": null,
            "pull_triggers": null,
            "repo_digest": "ghcr.io/userliv/devopspro:d4db0008c179770e55b9e6c014469d512dc45ed0b62da0748aec41c8de82344e",
            "triggers": null
          },
          "sensitive_attributes": [],
          "identity_schema_version": 0,
          "private": "bnVsbA=="
        }
      ]
    }
  ],
  "check_results": null
}
