{
  "version": 4,
  "terraform_version": "1.13.4",
  "serial": 13,
  "lineage": "86fa6280-d306-5bf4-d4bd-40cca2d758c2",
  "outputs": {},
  "resources": [
    {
      "mode": "managed",
      "type": "docker_image",
      "name": "app_image",
      "provider": "provider[\"registry.terraform.io/kreuzwerker/docker\"]",
      "instances": [
        {
          "schema_version": 0,
          "attributes": {
            "build": [],
            "force_remove": null,
            "id": "ghcr.io/userliv/devopspro:latest",
            "image_id": "sha256:dca8a785496b64faaab680f9ca557f33866083e80589cb0f9b2e196237b4e1d9",
            "keep_locally": true,
            "name": "ghcr.io/userliv/devopspro:latest",
            "platform": null,
            "pull_triggers": null,
            "repo_digest": "ghcr.io/userliv/devopspro@sha256:dca8a785496b64faaab680f9ca557f33866083e80589cb0f9b2e196237b4e1d9",
            "triggers": null
          },
          "sensitive_attributes": [],
          "identity_schema_version": 0,
          "private": "bnVsbA=="
        }
      ]
    }
  ],
  "check_results": null
}
