{
  "version": 4,
  "terraform_version": "1.13.4",
  "serial": 1,
  "lineage": "86fa6280-d306-5bf4-d4bd-40cca2d758c2",
  "outputs": {},
  "resources": [
    {
      "mode": "managed",
      "type": "docker_image",
      "name": "app_image",
      "provider": "provider[\"registry.terraform.io/kreuzwerker/docker\"]",
      "instances": [
        {
          "schema_version": 0,
          "attributes": {
            "build": [],
            "force_remove": null,
            "id": "sha256:cf231637968c045bd1a15110e600c4d0f61b71060fe0d1ceaf41082a44f3f5a6ghcr.io/jude1129/my-devops-project:latest",
            "image_id": "sha256:cf231637968c045bd1a15110e600c4d0f61b71060fe0d1ceaf41082a44f3f5a6",
            "keep_locally": true,
            "name": "ghcr.io/jude1129/my-devops-project:latest",
            "platform": null,
            "pull_triggers": null,
            "repo_digest": "ghcr.io/jude1129/my-devops-project@sha256:cf231637968c045bd1a15110e600c4d0f61b71060fe0d1ceaf41082a44f3f5a6",
            "triggers": null
          },
          "sensitive_attributes": [],
          "identity_schema_version": 0,
          "private": "bnVsbA=="
        }
      ]
    }
  ],
  "check_results": null
}
